// !$*UTF8*$!
{
	archiveVersion = 1;
	classes = {
	};
	objectVersion = 51;
	objects = {

/* Begin PBXBuildFile section */
		790013A9261C1EEC0016FD80 /* TodoModel.swift in Sources */ = {isa = PBXBuildFile; fileRef = 790013A8261C1EEC0016FD80 /* TodoModel.swift */; };
		7935DD142615598400BF4647 /* AlbumView.swift in Sources */ = {isa = PBXBuildFile; fileRef = 7935DD132615598400BF4647 /* AlbumView.swift */; };
		7935DD1B2615916600BF4647 /* TodoView.swift in Sources */ = {isa = PBXBuildFile; fileRef = 7935DD1A2615916600BF4647 /* TodoView.swift */; };
		7935DD1E2615917B00BF4647 /* DdayView.swift in Sources */ = {isa = PBXBuildFile; fileRef = 7935DD1D2615917B00BF4647 /* DdayView.swift */; };
		797CE1BE261EDF9E00BCAD2A /* DdayModel.swift in Sources */ = {isa = PBXBuildFile; fileRef = 797CE1BD261EDF9E00BCAD2A /* DdayModel.swift */; };
		797CE1C1261EE19000BCAD2A /* AlbumModel.swift in Sources */ = {isa = PBXBuildFile; fileRef = 797CE1C0261EE19000BCAD2A /* AlbumModel.swift */; };
		79B11D7F26140E3600CC381B /* ShowFunctionsView.swift in Sources */ = {isa = PBXBuildFile; fileRef = 79B11D7E26140E3600CC381B /* ShowFunctionsView.swift */; };
		79E33E2F261D587F00C37C34 /* DatabaseManager.swift in Sources */ = {isa = PBXBuildFile; fileRef = 79E33E2E261D587F00C37C34 /* DatabaseManager.swift */; };
		79E33E34261D5DD200C37C34 /* ToDoVIewModel.swift in Sources */ = {isa = PBXBuildFile; fileRef = 79E33E33261D5DD200C37C34 /* ToDoVIewModel.swift */; };
		79E33E38261D6E0A00C37C34 /* AddTodoView.swift in Sources */ = {isa = PBXBuildFile; fileRef = 79E33E37261D6E0A00C37C34 /* AddTodoView.swift */; };
		79EC0CE526088EED00D3D515 /* AppDelegate.swift in Sources */ = {isa = PBXBuildFile; fileRef = 79EC0CE426088EED00D3D515 /* AppDelegate.swift */; };
		79EC0CE726088EED00D3D515 /* SceneDelegate.swift in Sources */ = {isa = PBXBuildFile; fileRef = 79EC0CE626088EED00D3D515 /* SceneDelegate.swift */; };
		79EC0CEB26088EEE00D3D515 /* Assets.xcassets in Resources */ = {isa = PBXBuildFile; fileRef = 79EC0CEA26088EEE00D3D515 /* Assets.xcassets */; };
		79EC0CEE26088EEE00D3D515 /* Preview Assets.xcassets in Resources */ = {isa = PBXBuildFile; fileRef = 79EC0CED26088EEE00D3D515 /* Preview Assets.xcassets */; };
		79EC0CF126088EEE00D3D515 /* LaunchScreen.storyboard in Resources */ = {isa = PBXBuildFile; fileRef = 79EC0CEF26088EEE00D3D515 /* LaunchScreen.storyboard */; };
		79F4458A2625705B005F85BB /* WidgetKit.framework in Frameworks */ = {isa = PBXBuildFile; fileRef = 79F444E226253FE0005F85BB /* WidgetKit.framework */; };
		79F4458B2625705B005F85BB /* SwiftUI.framework in Frameworks */ = {isa = PBXBuildFile; fileRef = 79F444E426253FE0005F85BB /* SwiftUI.framework */; };
		79F4458E2625705B005F85BB /* WidgetGroup.swift in Sources */ = {isa = PBXBuildFile; fileRef = 79F4458D2625705B005F85BB /* WidgetGroup.swift */; };
		79F445912625705E005F85BB /* Assets.xcassets in Resources */ = {isa = PBXBuildFile; fileRef = 79F445902625705E005F85BB /* Assets.xcassets */; };
		79F445932625705E005F85BB /* WidgetGroup.intentdefinition in Sources */ = {isa = PBXBuildFile; fileRef = 79F4458F2625705B005F85BB /* WidgetGroup.intentdefinition */; };
		79F445942625705E005F85BB /* WidgetGroup.intentdefinition in Sources */ = {isa = PBXBuildFile; fileRef = 79F4458F2625705B005F85BB /* WidgetGroup.intentdefinition */; };
		79F445972625705E005F85BB /* WidgetGroupExtension.appex in Embed App Extensions */ = {isa = PBXBuildFile; fileRef = 79F445892625705B005F85BB /* WidgetGroupExtension.appex */; settings = {ATTRIBUTES = (RemoveHeadersOnCopy, ); }; };
		79F445AD26257439005F85BB /* TodoManager.swift in Sources */ = {isa = PBXBuildFile; fileRef = 79F445AC26257439005F85BB /* TodoManager.swift */; };
		79F445B026257445005F85BB /* TodoProvider.swift in Sources */ = {isa = PBXBuildFile; fileRef = 79F4458126256A63005F85BB /* TodoProvider.swift */; };
		79F445B326257449005F85BB /* TodoEntry.swift in Sources */ = {isa = PBXBuildFile; fileRef = 79F4457D26256A58005F85BB /* TodoEntry.swift */; };
		79F445B62625744B005F85BB /* TodoEntryView.swift in Sources */ = {isa = PBXBuildFile; fileRef = 79F4457926256A06005F85BB /* TodoEntryView.swift */; };
		79F445B92625744D005F85BB /* TodoWidget.swift in Sources */ = {isa = PBXBuildFile; fileRef = 79F4457526256978005F85BB /* TodoWidget.swift */; };
		9E659F3DE1E6B78C26F17EF6 /* Pods_WidgetGroupExtension.framework in Frameworks */ = {isa = PBXBuildFile; fileRef = B63369E8D594B972CF60706F /* Pods_WidgetGroupExtension.framework */; };
		F384FA92AA53EE98B3C458CE /* Pods_hewi.framework in Frameworks */ = {isa = PBXBuildFile; fileRef = 49B4C1BFD2DEC8D60DD36D04 /* Pods_hewi.framework */; };
/* End PBXBuildFile section */

/* Begin PBXContainerItemProxy section */
		79F445952625705E005F85BB /* PBXContainerItemProxy */ = {
			isa = PBXContainerItemProxy;
			containerPortal = 79EC0CD926088EED00D3D515 /* Project object */;
			proxyType = 1;
			remoteGlobalIDString = 79F445882625705B005F85BB;
			remoteInfo = WidgetGroupExtension;
		};
/* End PBXContainerItemProxy section */

/* Begin PBXCopyFilesBuildPhase section */
		79F444EF26253FE2005F85BB /* Embed App Extensions */ = {
			isa = PBXCopyFilesBuildPhase;
			buildActionMask = 2147483647;
			dstPath = "";
			dstSubfolderSpec = 13;
			files = (
				79F445972625705E005F85BB /* WidgetGroupExtension.appex in Embed App Extensions */,
			);
			name = "Embed App Extensions";
			runOnlyForDeploymentPostprocessing = 0;
		};
/* End PBXCopyFilesBuildPhase section */

/* Begin PBXFileReference section */
		49B4C1BFD2DEC8D60DD36D04 /* Pods_hewi.framework */ = {isa = PBXFileReference; explicitFileType = wrapper.framework; includeInIndex = 0; path = Pods_hewi.framework; sourceTree = BUILT_PRODUCTS_DIR; };
		68A745EB78AD774B988454CE /* Pods-WidgetGroupExtension.release.xcconfig */ = {isa = PBXFileReference; includeInIndex = 1; lastKnownFileType = text.xcconfig; name = "Pods-WidgetGroupExtension.release.xcconfig"; path = "Target Support Files/Pods-WidgetGroupExtension/Pods-WidgetGroupExtension.release.xcconfig"; sourceTree = "<group>"; };
		790013A8261C1EEC0016FD80 /* TodoModel.swift */ = {isa = PBXFileReference; lastKnownFileType = sourcecode.swift; path = TodoModel.swift; sourceTree = "<group>"; };
		791CC0D7262EB03B006691B4 /* hewi.entitlements */ = {isa = PBXFileReference; lastKnownFileType = text.plist.entitlements; path = hewi.entitlements; sourceTree = "<group>"; };
		791CC0DE262EB0F2006691B4 /* WidgetGroupExtension.entitlements */ = {isa = PBXFileReference; lastKnownFileType = text.plist.entitlements; path = WidgetGroupExtension.entitlements; sourceTree = "<group>"; };
		7935DD132615598400BF4647 /* AlbumView.swift */ = {isa = PBXFileReference; lastKnownFileType = sourcecode.swift; path = AlbumView.swift; sourceTree = "<group>"; };
		7935DD1A2615916600BF4647 /* TodoView.swift */ = {isa = PBXFileReference; lastKnownFileType = sourcecode.swift; path = TodoView.swift; sourceTree = "<group>"; };
		7935DD1D2615917B00BF4647 /* DdayView.swift */ = {isa = PBXFileReference; lastKnownFileType = sourcecode.swift; path = DdayView.swift; sourceTree = "<group>"; };
		797CE1BD261EDF9E00BCAD2A /* DdayModel.swift */ = {isa = PBXFileReference; lastKnownFileType = sourcecode.swift; path = DdayModel.swift; sourceTree = "<group>"; };
		797CE1C0261EE19000BCAD2A /* AlbumModel.swift */ = {isa = PBXFileReference; lastKnownFileType = sourcecode.swift; path = AlbumModel.swift; sourceTree = "<group>"; };
		79B11D7E26140E3600CC381B /* ShowFunctionsView.swift */ = {isa = PBXFileReference; lastKnownFileType = sourcecode.swift; path = ShowFunctionsView.swift; sourceTree = "<group>"; };
		79E33E2E261D587F00C37C34 /* DatabaseManager.swift */ = {isa = PBXFileReference; lastKnownFileType = sourcecode.swift; path = DatabaseManager.swift; sourceTree = "<group>"; };
		79E33E33261D5DD200C37C34 /* ToDoVIewModel.swift */ = {isa = PBXFileReference; lastKnownFileType = sourcecode.swift; path = ToDoVIewModel.swift; sourceTree = "<group>"; };
		79E33E37261D6E0A00C37C34 /* AddTodoView.swift */ = {isa = PBXFileReference; lastKnownFileType = sourcecode.swift; path = AddTodoView.swift; sourceTree = "<group>"; };
		79EC0CE126088EED00D3D515 /* hewi.app */ = {isa = PBXFileReference; explicitFileType = wrapper.application; includeInIndex = 0; path = hewi.app; sourceTree = BUILT_PRODUCTS_DIR; };
		79EC0CE426088EED00D3D515 /* AppDelegate.swift */ = {isa = PBXFileReference; lastKnownFileType = sourcecode.swift; path = AppDelegate.swift; sourceTree = "<group>"; };
		79EC0CE626088EED00D3D515 /* SceneDelegate.swift */ = {isa = PBXFileReference; lastKnownFileType = sourcecode.swift; path = SceneDelegate.swift; sourceTree = "<group>"; };
		79EC0CEA26088EEE00D3D515 /* Assets.xcassets */ = {isa = PBXFileReference; lastKnownFileType = folder.assetcatalog; path = Assets.xcassets; sourceTree = "<group>"; };
		79EC0CED26088EEE00D3D515 /* Preview Assets.xcassets */ = {isa = PBXFileReference; lastKnownFileType = folder.assetcatalog; path = "Preview Assets.xcassets"; sourceTree = "<group>"; };
		79EC0CF026088EEE00D3D515 /* Base */ = {isa = PBXFileReference; lastKnownFileType = file.storyboard; name = Base; path = Base.lproj/LaunchScreen.storyboard; sourceTree = "<group>"; };
		79EC0CF226088EEE00D3D515 /* Info.plist */ = {isa = PBXFileReference; lastKnownFileType = text.plist.xml; path = Info.plist; sourceTree = "<group>"; };
		79F444E226253FE0005F85BB /* WidgetKit.framework */ = {isa = PBXFileReference; lastKnownFileType = wrapper.framework; name = WidgetKit.framework; path = System/Library/Frameworks/WidgetKit.framework; sourceTree = SDKROOT; };
		79F444E426253FE0005F85BB /* SwiftUI.framework */ = {isa = PBXFileReference; lastKnownFileType = wrapper.framework; name = SwiftUI.framework; path = System/Library/Frameworks/SwiftUI.framework; sourceTree = SDKROOT; };
		79F4457526256978005F85BB /* TodoWidget.swift */ = {isa = PBXFileReference; lastKnownFileType = sourcecode.swift; path = TodoWidget.swift; sourceTree = "<group>"; };
		79F4457926256A06005F85BB /* TodoEntryView.swift */ = {isa = PBXFileReference; lastKnownFileType = sourcecode.swift; path = TodoEntryView.swift; sourceTree = "<group>"; };
		79F4457D26256A58005F85BB /* TodoEntry.swift */ = {isa = PBXFileReference; lastKnownFileType = sourcecode.swift; path = TodoEntry.swift; sourceTree = "<group>"; };
		79F4458126256A63005F85BB /* TodoProvider.swift */ = {isa = PBXFileReference; lastKnownFileType = sourcecode.swift; path = TodoProvider.swift; sourceTree = "<group>"; };
		79F445892625705B005F85BB /* WidgetGroupExtension.appex */ = {isa = PBXFileReference; explicitFileType = "wrapper.app-extension"; includeInIndex = 0; path = WidgetGroupExtension.appex; sourceTree = BUILT_PRODUCTS_DIR; };
		79F4458D2625705B005F85BB /* WidgetGroup.swift */ = {isa = PBXFileReference; lastKnownFileType = sourcecode.swift; path = WidgetGroup.swift; sourceTree = "<group>"; };
		79F4458F2625705B005F85BB /* WidgetGroup.intentdefinition */ = {isa = PBXFileReference; lastKnownFileType = file.intentdefinition; path = WidgetGroup.intentdefinition; sourceTree = "<group>"; };
		79F445902625705E005F85BB /* Assets.xcassets */ = {isa = PBXFileReference; lastKnownFileType = folder.assetcatalog; path = Assets.xcassets; sourceTree = "<group>"; };
		79F445922625705E005F85BB /* Info.plist */ = {isa = PBXFileReference; lastKnownFileType = text.plist.xml; path = Info.plist; sourceTree = "<group>"; };
		79F445AC26257439005F85BB /* TodoManager.swift */ = {isa = PBXFileReference; lastKnownFileType = sourcecode.swift; path = TodoManager.swift; sourceTree = "<group>"; };
		79F445BC2625758E005F85BB /* realm-monorepo.xcframework */ = {isa = PBXFileReference; lastKnownFileType = wrapper.xcframework; name = "realm-monorepo.xcframework"; path = "Pods/Realm/core/realm-monorepo.xcframework"; sourceTree = "<group>"; };
		79F445BD2625758E005F85BB /* Realm.framework */ = {isa = PBXFileReference; explicitFileType = wrapper.framework; path = Realm.framework; sourceTree = BUILT_PRODUCTS_DIR; };
		79F445BE2625758E005F85BB /* RealmSwift.framework */ = {isa = PBXFileReference; explicitFileType = wrapper.framework; path = RealmSwift.framework; sourceTree = BUILT_PRODUCTS_DIR; };
		79F445CA26257602005F85BB /* RealmSwift.framework */ = {isa = PBXFileReference; explicitFileType = wrapper.framework; path = RealmSwift.framework; sourceTree = BUILT_PRODUCTS_DIR; };
		79F445DC262576C5005F85BB /* Realm.framework */ = {isa = PBXFileReference; explicitFileType = wrapper.framework; path = Realm.framework; sourceTree = BUILT_PRODUCTS_DIR; };
		79F445DD262576C5005F85BB /* RealmSwift.framework */ = {isa = PBXFileReference; explicitFileType = wrapper.framework; path = RealmSwift.framework; sourceTree = BUILT_PRODUCTS_DIR; };
		79F445E926257810005F85BB /* Realm.framework */ = {isa = PBXFileReference; explicitFileType = wrapper.framework; path = Realm.framework; sourceTree = BUILT_PRODUCTS_DIR; };
		79F445EA26257810005F85BB /* RealmSwift.framework */ = {isa = PBXFileReference; explicitFileType = wrapper.framework; path = RealmSwift.framework; sourceTree = BUILT_PRODUCTS_DIR; };
		79F445F126257939005F85BB /* Realm.framework */ = {isa = PBXFileReference; explicitFileType = wrapper.framework; path = Realm.framework; sourceTree = BUILT_PRODUCTS_DIR; };
		79F445F226257939005F85BB /* RealmSwift.framework */ = {isa = PBXFileReference; explicitFileType = wrapper.framework; path = RealmSwift.framework; sourceTree = BUILT_PRODUCTS_DIR; };
		79F445F926257961005F85BB /* RealmSwift.framework */ = {isa = PBXFileReference; explicitFileType = wrapper.framework; path = RealmSwift.framework; sourceTree = BUILT_PRODUCTS_DIR; };
		79F445FE2625797E005F85BB /* Realm.framework */ = {isa = PBXFileReference; explicitFileType = wrapper.framework; path = Realm.framework; sourceTree = BUILT_PRODUCTS_DIR; };
		B63369E8D594B972CF60706F /* Pods_WidgetGroupExtension.framework */ = {isa = PBXFileReference; explicitFileType = wrapper.framework; includeInIndex = 0; path = Pods_WidgetGroupExtension.framework; sourceTree = BUILT_PRODUCTS_DIR; };
		DAFD45B5079C767FB28F6D06 /* Pods-WidgetGroupExtension.debug.xcconfig */ = {isa = PBXFileReference; includeInIndex = 1; lastKnownFileType = text.xcconfig; name = "Pods-WidgetGroupExtension.debug.xcconfig"; path = "Target Support Files/Pods-WidgetGroupExtension/Pods-WidgetGroupExtension.debug.xcconfig"; sourceTree = "<group>"; };
		E2924AE573A54B7E18698898 /* Pods-hewi.debug.xcconfig */ = {isa = PBXFileReference; includeInIndex = 1; lastKnownFileType = text.xcconfig; name = "Pods-hewi.debug.xcconfig"; path = "Target Support Files/Pods-hewi/Pods-hewi.debug.xcconfig"; sourceTree = "<group>"; };
		F2389343C5483F29E8D53FC7 /* Pods-hewi.release.xcconfig */ = {isa = PBXFileReference; includeInIndex = 1; lastKnownFileType = text.xcconfig; name = "Pods-hewi.release.xcconfig"; path = "Target Support Files/Pods-hewi/Pods-hewi.release.xcconfig"; sourceTree = "<group>"; };
/* End PBXFileReference section */

/* Begin PBXFrameworksBuildPhase section */
		79EC0CDE26088EED00D3D515 /* Frameworks */ = {
			isa = PBXFrameworksBuildPhase;
			buildActionMask = 2147483647;
			files = (
				F384FA92AA53EE98B3C458CE /* Pods_hewi.framework in Frameworks */,
			);
			runOnlyForDeploymentPostprocessing = 0;
		};
		79F445862625705B005F85BB /* Frameworks */ = {
			isa = PBXFrameworksBuildPhase;
			buildActionMask = 2147483647;
			files = (
				79F4458B2625705B005F85BB /* SwiftUI.framework in Frameworks */,
				79F4458A2625705B005F85BB /* WidgetKit.framework in Frameworks */,
				9E659F3DE1E6B78C26F17EF6 /* Pods_WidgetGroupExtension.framework in Frameworks */,
			);
			runOnlyForDeploymentPostprocessing = 0;
		};
/* End PBXFrameworksBuildPhase section */

/* Begin PBXGroup section */
		064C6E82C3A89E6DED8E7794 /* Pods */ = {
			isa = PBXGroup;
			children = (
				E2924AE573A54B7E18698898 /* Pods-hewi.debug.xcconfig */,
				F2389343C5483F29E8D53FC7 /* Pods-hewi.release.xcconfig */,
				DAFD45B5079C767FB28F6D06 /* Pods-WidgetGroupExtension.debug.xcconfig */,
				68A745EB78AD774B988454CE /* Pods-WidgetGroupExtension.release.xcconfig */,
			);
			path = Pods;
			sourceTree = "<group>";
		};
		790013A7261C1EC80016FD80 /* Model */ = {
			isa = PBXGroup;
			children = (
				790013A8261C1EEC0016FD80 /* TodoModel.swift */,
				797CE1BD261EDF9E00BCAD2A /* DdayModel.swift */,
				797CE1C0261EE19000BCAD2A /* AlbumModel.swift */,
			);
			path = Model;
			sourceTree = "<group>";
		};
		7954CE962612F26C00AF0795 /* Resources */ = {
			isa = PBXGroup;
			children = (
				79EC0CF226088EEE00D3D515 /* Info.plist */,
				79EC0CEA26088EEE00D3D515 /* Assets.xcassets */,
			);
			path = Resources;
			sourceTree = "<group>";
		};
		79B11D81261423A400CC381B /* Views */ = {
			isa = PBXGroup;
			children = (
				79B11D7E26140E3600CC381B /* ShowFunctionsView.swift */,
				7935DD132615598400BF4647 /* AlbumView.swift */,
				7935DD1A2615916600BF4647 /* TodoView.swift */,
				7935DD1D2615917B00BF4647 /* DdayView.swift */,
				79E33E37261D6E0A00C37C34 /* AddTodoView.swift */,
			);
			path = Views;
			sourceTree = "<group>";
		};
		79E33E2D261D586C00C37C34 /* Manager */ = {
			isa = PBXGroup;
			children = (
				79E33E2E261D587F00C37C34 /* DatabaseManager.swift */,
			);
			path = Manager;
			sourceTree = "<group>";
		};
		79E33E32261D5DB200C37C34 /* ViewModel */ = {
			isa = PBXGroup;
			children = (
				79E33E33261D5DD200C37C34 /* ToDoVIewModel.swift */,
			);
			path = ViewModel;
			sourceTree = "<group>";
		};
		79EC0CD826088EED00D3D515 = {
			isa = PBXGroup;
			children = (
				791CC0DE262EB0F2006691B4 /* WidgetGroupExtension.entitlements */,
				79EC0CE326088EED00D3D515 /* hewi */,
				79F4458C2625705B005F85BB /* WidgetGroup */,
				79EC0CE226088EED00D3D515 /* Products */,
				064C6E82C3A89E6DED8E7794 /* Pods */,
				96B2BBF863F3A0DCA753B3B1 /* Frameworks */,
			);
			sourceTree = "<group>";
		};
		79EC0CE226088EED00D3D515 /* Products */ = {
			isa = PBXGroup;
			children = (
				79EC0CE126088EED00D3D515 /* hewi.app */,
				79F445892625705B005F85BB /* WidgetGroupExtension.appex */,
			);
			name = Products;
			sourceTree = "<group>";
		};
		79EC0CE326088EED00D3D515 /* hewi */ = {
			isa = PBXGroup;
			children = (
				791CC0D7262EB03B006691B4 /* hewi.entitlements */,
				79E33E2D261D586C00C37C34 /* Manager */,
				79E33E32261D5DB200C37C34 /* ViewModel */,
				790013A7261C1EC80016FD80 /* Model */,
				79B11D81261423A400CC381B /* Views */,
				7954CE962612F26C00AF0795 /* Resources */,
				79EC0CE426088EED00D3D515 /* AppDelegate.swift */,
				79EC0CE626088EED00D3D515 /* SceneDelegate.swift */,
				79EC0CEF26088EEE00D3D515 /* LaunchScreen.storyboard */,
				79EC0CEC26088EEE00D3D515 /* Preview Content */,
			);
			path = hewi;
			sourceTree = "<group>";
		};
		79EC0CEC26088EEE00D3D515 /* Preview Content */ = {
			isa = PBXGroup;
			children = (
				79EC0CED26088EEE00D3D515 /* Preview Assets.xcassets */,
			);
			path = "Preview Content";
			sourceTree = "<group>";
		};
		79F445702625692E005F85BB /* TodoWidget */ = {
			isa = PBXGroup;
			children = (
				79F4457426256951005F85BB /* Views */,
				79F4457326256949005F85BB /* Widget */,
				79F445722625693C005F85BB /* Models */,
				79F4457126256935005F85BB /* Services */,
			);
			path = TodoWidget;
			sourceTree = "<group>";
		};
		79F4457126256935005F85BB /* Services */ = {
			isa = PBXGroup;
			children = (
				79F445AC26257439005F85BB /* TodoManager.swift */,
			);
			path = Services;
			sourceTree = "<group>";
		};
		79F445722625693C005F85BB /* Models */ = {
			isa = PBXGroup;
			children = (
			);
			path = Models;
			sourceTree = "<group>";
		};
		79F4457326256949005F85BB /* Widget */ = {
			isa = PBXGroup;
			children = (
				79F4457D26256A58005F85BB /* TodoEntry.swift */,
				79F4458126256A63005F85BB /* TodoProvider.swift */,
			);
			path = Widget;
			sourceTree = "<group>";
		};
		79F4457426256951005F85BB /* Views */ = {
			isa = PBXGroup;
			children = (
				79F4457526256978005F85BB /* TodoWidget.swift */,
				79F4457926256A06005F85BB /* TodoEntryView.swift */,
			);
			path = Views;
			sourceTree = "<group>";
		};
		79F4458C2625705B005F85BB /* WidgetGroup */ = {
			isa = PBXGroup;
			children = (
				79F445702625692E005F85BB /* TodoWidget */,
				79F4459E26257068005F85BB /* Resources */,
				79F4458D2625705B005F85BB /* WidgetGroup.swift */,
				79F4458F2625705B005F85BB /* WidgetGroup.intentdefinition */,
			);
			path = WidgetGroup;
			sourceTree = "<group>";
		};
		79F4459E26257068005F85BB /* Resources */ = {
			isa = PBXGroup;
			children = (
				79F445902625705E005F85BB /* Assets.xcassets */,
				79F445922625705E005F85BB /* Info.plist */,
			);
			path = Resources;
			sourceTree = "<group>";
		};
		96B2BBF863F3A0DCA753B3B1 /* Frameworks */ = {
			isa = PBXGroup;
			children = (
				79F445FE2625797E005F85BB /* Realm.framework */,
				79F445F926257961005F85BB /* RealmSwift.framework */,
				79F445F126257939005F85BB /* Realm.framework */,
				79F445F226257939005F85BB /* RealmSwift.framework */,
				79F445E926257810005F85BB /* Realm.framework */,
				79F445EA26257810005F85BB /* RealmSwift.framework */,
				79F445DC262576C5005F85BB /* Realm.framework */,
				79F445DD262576C5005F85BB /* RealmSwift.framework */,
				79F445CA26257602005F85BB /* RealmSwift.framework */,
				79F445BC2625758E005F85BB /* realm-monorepo.xcframework */,
				79F445BD2625758E005F85BB /* Realm.framework */,
				79F445BE2625758E005F85BB /* RealmSwift.framework */,
				79F444E226253FE0005F85BB /* WidgetKit.framework */,
				79F444E426253FE0005F85BB /* SwiftUI.framework */,
				49B4C1BFD2DEC8D60DD36D04 /* Pods_hewi.framework */,
				B63369E8D594B972CF60706F /* Pods_WidgetGroupExtension.framework */,
			);
			name = Frameworks;
			sourceTree = "<group>";
		};
/* End PBXGroup section */

/* Begin PBXNativeTarget section */
		79EC0CE026088EED00D3D515 /* hewi */ = {
			isa = PBXNativeTarget;
			buildConfigurationList = 79EC0CF526088EEE00D3D515 /* Build configuration list for PBXNativeTarget "hewi" */;
			buildPhases = (
				ED1EA733EA00F58E31242250 /* [CP] Check Pods Manifest.lock */,
				79EC0CDD26088EED00D3D515 /* Sources */,
				79EC0CDE26088EED00D3D515 /* Frameworks */,
				79EC0CDF26088EED00D3D515 /* Resources */,
				79F444EF26253FE2005F85BB /* Embed App Extensions */,
				A87B8D7597A9FAD198928E4D /* [CP] Embed Pods Frameworks */,
			);
			buildRules = (
			);
			dependencies = (
				79F445962625705E005F85BB /* PBXTargetDependency */,
			);
			name = hewi;
			productName = hewi;
			productReference = 79EC0CE126088EED00D3D515 /* hewi.app */;
			productType = "com.apple.product-type.application";
		};
		79F445882625705B005F85BB /* WidgetGroupExtension */ = {
			isa = PBXNativeTarget;
			buildConfigurationList = 79F445982625705E005F85BB /* Build configuration list for PBXNativeTarget "WidgetGroupExtension" */;
			buildPhases = (
				B6E353B4F24A916303E7DC22 /* [CP] Check Pods Manifest.lock */,
				79F445852625705B005F85BB /* Sources */,
				79F445862625705B005F85BB /* Frameworks */,
				79F445872625705B005F85BB /* Resources */,
			);
			buildRules = (
			);
			dependencies = (
			);
			name = WidgetGroupExtension;
			productName = WidgetGroupExtension;
			productReference = 79F445892625705B005F85BB /* WidgetGroupExtension.appex */;
			productType = "com.apple.product-type.app-extension";
		};
/* End PBXNativeTarget section */

/* Begin PBXProject section */
		79EC0CD926088EED00D3D515 /* Project object */ = {
			isa = PBXProject;
			attributes = {
				LastSwiftUpdateCheck = 1240;
				LastUpgradeCheck = 1240;
				TargetAttributes = {
					79EC0CE026088EED00D3D515 = {
						CreatedOnToolsVersion = 12.4;
					};
					79F445882625705B005F85BB = {
						CreatedOnToolsVersion = 12.4;
					};
				};
			};
			buildConfigurationList = 79EC0CDC26088EED00D3D515 /* Build configuration list for PBXProject "hewi" */;
			compatibilityVersion = "Xcode 9.3";
			developmentRegion = en;
			hasScannedForEncodings = 0;
			knownRegions = (
				en,
				Base,
			);
			mainGroup = 79EC0CD826088EED00D3D515;
			productRefGroup = 79EC0CE226088EED00D3D515 /* Products */;
			projectDirPath = "";
			projectRoot = "";
			targets = (
				79EC0CE026088EED00D3D515 /* hewi */,
				79F445882625705B005F85BB /* WidgetGroupExtension */,
			);
		};
/* End PBXProject section */

/* Begin PBXResourcesBuildPhase section */
		79EC0CDF26088EED00D3D515 /* Resources */ = {
			isa = PBXResourcesBuildPhase;
			buildActionMask = 2147483647;
			files = (
				79EC0CF126088EEE00D3D515 /* LaunchScreen.storyboard in Resources */,
				79EC0CEE26088EEE00D3D515 /* Preview Assets.xcassets in Resources */,
				79EC0CEB26088EEE00D3D515 /* Assets.xcassets in Resources */,
			);
			runOnlyForDeploymentPostprocessing = 0;
		};
		79F445872625705B005F85BB /* Resources */ = {
			isa = PBXResourcesBuildPhase;
			buildActionMask = 2147483647;
			files = (
				79F445912625705E005F85BB /* Assets.xcassets in Resources */,
			);
			runOnlyForDeploymentPostprocessing = 0;
		};
/* End PBXResourcesBuildPhase section */

/* Begin PBXShellScriptBuildPhase section */
		A87B8D7597A9FAD198928E4D /* [CP] Embed Pods Frameworks */ = {
			isa = PBXShellScriptBuildPhase;
			buildActionMask = 2147483647;
			files = (
			);
			inputFileListPaths = (
				"${PODS_ROOT}/Target Support Files/Pods-hewi/Pods-hewi-frameworks-${CONFIGURATION}-input-files.xcfilelist",
			);
			name = "[CP] Embed Pods Frameworks";
			outputFileListPaths = (
				"${PODS_ROOT}/Target Support Files/Pods-hewi/Pods-hewi-frameworks-${CONFIGURATION}-output-files.xcfilelist",
			);
			runOnlyForDeploymentPostprocessing = 0;
			shellPath = /bin/sh;
			shellScript = "\"${PODS_ROOT}/Target Support Files/Pods-hewi/Pods-hewi-frameworks.sh\"\n";
			showEnvVarsInLog = 0;
		};
		B6E353B4F24A916303E7DC22 /* [CP] Check Pods Manifest.lock */ = {
			isa = PBXShellScriptBuildPhase;
			buildActionMask = 2147483647;
			files = (
			);
			inputFileListPaths = (
			);
			inputPaths = (
				"${PODS_PODFILE_DIR_PATH}/Podfile.lock",
				"${PODS_ROOT}/Manifest.lock",
			);
			name = "[CP] Check Pods Manifest.lock";
			outputFileListPaths = (
			);
			outputPaths = (
				"$(DERIVED_FILE_DIR)/Pods-WidgetGroupExtension-checkManifestLockResult.txt",
			);
			runOnlyForDeploymentPostprocessing = 0;
			shellPath = /bin/sh;
			shellScript = "diff \"${PODS_PODFILE_DIR_PATH}/Podfile.lock\" \"${PODS_ROOT}/Manifest.lock\" > /dev/null\nif [ $? != 0 ] ; then\n    # print error to STDERR\n    echo \"error: The sandbox is not in sync with the Podfile.lock. Run 'pod install' or update your CocoaPods installation.\" >&2\n    exit 1\nfi\n# This output is used by Xcode 'outputs' to avoid re-running this script phase.\necho \"SUCCESS\" > \"${SCRIPT_OUTPUT_FILE_0}\"\n";
			showEnvVarsInLog = 0;
		};
		ED1EA733EA00F58E31242250 /* [CP] Check Pods Manifest.lock */ = {
			isa = PBXShellScriptBuildPhase;
			buildActionMask = 2147483647;
			files = (
			);
			inputFileListPaths = (
			);
			inputPaths = (
				"${PODS_PODFILE_DIR_PATH}/Podfile.lock",
				"${PODS_ROOT}/Manifest.lock",
			);
			name = "[CP] Check Pods Manifest.lock";
			outputFileListPaths = (
			);
			outputPaths = (
				"$(DERIVED_FILE_DIR)/Pods-hewi-checkManifestLockResult.txt",
			);
			runOnlyForDeploymentPostprocessing = 0;
			shellPath = /bin/sh;
			shellScript = "diff \"${PODS_PODFILE_DIR_PATH}/Podfile.lock\" \"${PODS_ROOT}/Manifest.lock\" > /dev/null\nif [ $? != 0 ] ; then\n    # print error to STDERR\n    echo \"error: The sandbox is not in sync with the Podfile.lock. Run 'pod install' or update your CocoaPods installation.\" >&2\n    exit 1\nfi\n# This output is used by Xcode 'outputs' to avoid re-running this script phase.\necho \"SUCCESS\" > \"${SCRIPT_OUTPUT_FILE_0}\"\n";
			showEnvVarsInLog = 0;
		};
/* End PBXShellScriptBuildPhase section */

/* Begin PBXSourcesBuildPhase section */
		79EC0CDD26088EED00D3D515 /* Sources */ = {
			isa = PBXSourcesBuildPhase;
			buildActionMask = 2147483647;
			files = (
				79EC0CE526088EED00D3D515 /* AppDelegate.swift in Sources */,
				797CE1BE261EDF9E00BCAD2A /* DdayModel.swift in Sources */,
				79F445942625705E005F85BB /* WidgetGroup.intentdefinition in Sources */,
				79EC0CE726088EED00D3D515 /* SceneDelegate.swift in Sources */,
				79E33E34261D5DD200C37C34 /* ToDoVIewModel.swift in Sources */,
				7935DD1E2615917B00BF4647 /* DdayView.swift in Sources */,
				7935DD1B2615916600BF4647 /* TodoView.swift in Sources */,
				797CE1C1261EE19000BCAD2A /* AlbumModel.swift in Sources */,
				7935DD142615598400BF4647 /* AlbumView.swift in Sources */,
				79E33E38261D6E0A00C37C34 /* AddTodoView.swift in Sources */,
				790013A9261C1EEC0016FD80 /* TodoModel.swift in Sources */,
				79B11D7F26140E3600CC381B /* ShowFunctionsView.swift in Sources */,
				79E33E2F261D587F00C37C34 /* DatabaseManager.swift in Sources */,
			);
			runOnlyForDeploymentPostprocessing = 0;
		};
		79F445852625705B005F85BB /* Sources */ = {
			isa = PBXSourcesBuildPhase;
			buildActionMask = 2147483647;
			files = (
				79F445B326257449005F85BB /* TodoEntry.swift in Sources */,
				79F445B92625744D005F85BB /* TodoWidget.swift in Sources */,
				79F445932625705E005F85BB /* WidgetGroup.intentdefinition in Sources */,
				79F445AD26257439005F85BB /* TodoManager.swift in Sources */,
				79F445B026257445005F85BB /* TodoProvider.swift in Sources */,
				79F4458E2625705B005F85BB /* WidgetGroup.swift in Sources */,
				79F445B62625744B005F85BB /* TodoEntryView.swift in Sources */,
			);
			runOnlyForDeploymentPostprocessing = 0;
		};
/* End PBXSourcesBuildPhase section */

/* Begin PBXTargetDependency section */
		79F445962625705E005F85BB /* PBXTargetDependency */ = {
			isa = PBXTargetDependency;
			target = 79F445882625705B005F85BB /* WidgetGroupExtension */;
			targetProxy = 79F445952625705E005F85BB /* PBXContainerItemProxy */;
		};
/* End PBXTargetDependency section */

/* Begin PBXVariantGroup section */
		79EC0CEF26088EEE00D3D515 /* LaunchScreen.storyboard */ = {
			isa = PBXVariantGroup;
			children = (
				79EC0CF026088EEE00D3D515 /* Base */,
			);
			name = LaunchScreen.storyboard;
			sourceTree = "<group>";
		};
/* End PBXVariantGroup section */

/* Begin XCBuildConfiguration section */
		79EC0CF326088EEE00D3D515 /* Debug */ = {
			isa = XCBuildConfiguration;
			buildSettings = {
				ALWAYS_SEARCH_USER_PATHS = NO;
				CLANG_ANALYZER_NONNULL = YES;
				CLANG_ANALYZER_NUMBER_OBJECT_CONVERSION = YES_AGGRESSIVE;
				CLANG_CXX_LANGUAGE_STANDARD = "gnu++14";
				CLANG_CXX_LIBRARY = "libc++";
				CLANG_ENABLE_MODULES = YES;
				CLANG_ENABLE_OBJC_ARC = YES;
				CLANG_ENABLE_OBJC_WEAK = YES;
				CLANG_WARN_BLOCK_CAPTURE_AUTORELEASING = YES;
				CLANG_WARN_BOOL_CONVERSION = YES;
				CLANG_WARN_COMMA = YES;
				CLANG_WARN_CONSTANT_CONVERSION = YES;
				CLANG_WARN_DEPRECATED_OBJC_IMPLEMENTATIONS = YES;
				CLANG_WARN_DIRECT_OBJC_ISA_USAGE = YES_ERROR;
				CLANG_WARN_DOCUMENTATION_COMMENTS = YES;
				CLANG_WARN_EMPTY_BODY = YES;
				CLANG_WARN_ENUM_CONVERSION = YES;
				CLANG_WARN_INFINITE_RECURSION = YES;
				CLANG_WARN_INT_CONVERSION = YES;
				CLANG_WARN_NON_LITERAL_NULL_CONVERSION = YES;
				CLANG_WARN_OBJC_IMPLICIT_RETAIN_SELF = YES;
				CLANG_WARN_OBJC_LITERAL_CONVERSION = YES;
				CLANG_WARN_OBJC_ROOT_CLASS = YES_ERROR;
				CLANG_WARN_QUOTED_INCLUDE_IN_FRAMEWORK_HEADER = YES;
				CLANG_WARN_RANGE_LOOP_ANALYSIS = YES;
				CLANG_WARN_STRICT_PROTOTYPES = YES;
				CLANG_WARN_SUSPICIOUS_MOVE = YES;
				CLANG_WARN_UNGUARDED_AVAILABILITY = YES_AGGRESSIVE;
				CLANG_WARN_UNREACHABLE_CODE = YES;
				CLANG_WARN__DUPLICATE_METHOD_MATCH = YES;
				COPY_PHASE_STRIP = NO;
				DEBUG_INFORMATION_FORMAT = dwarf;
				ENABLE_STRICT_OBJC_MSGSEND = YES;
				ENABLE_TESTABILITY = YES;
				GCC_C_LANGUAGE_STANDARD = gnu11;
				GCC_DYNAMIC_NO_PIC = NO;
				GCC_NO_COMMON_BLOCKS = YES;
				GCC_OPTIMIZATION_LEVEL = 0;
				GCC_PREPROCESSOR_DEFINITIONS = (
					"DEBUG=1",
					"$(inherited)",
				);
				GCC_WARN_64_TO_32_BIT_CONVERSION = YES;
				GCC_WARN_ABOUT_RETURN_TYPE = YES_ERROR;
				GCC_WARN_UNDECLARED_SELECTOR = YES;
				GCC_WARN_UNINITIALIZED_AUTOS = YES_AGGRESSIVE;
				GCC_WARN_UNUSED_FUNCTION = YES;
				GCC_WARN_UNUSED_VARIABLE = YES;
				IPHONEOS_DEPLOYMENT_TARGET = 14.4;
				MTL_ENABLE_DEBUG_INFO = INCLUDE_SOURCE;
				MTL_FAST_MATH = YES;
				ONLY_ACTIVE_ARCH = YES;
				SDKROOT = iphoneos;
				SWIFT_ACTIVE_COMPILATION_CONDITIONS = DEBUG;
				SWIFT_OPTIMIZATION_LEVEL = "-Onone";
			};
			name = Debug;
		};
		79EC0CF426088EEE00D3D515 /* Release */ = {
			isa = XCBuildConfiguration;
			buildSettings = {
				ALWAYS_SEARCH_USER_PATHS = NO;
				CLANG_ANALYZER_NONNULL = YES;
				CLANG_ANALYZER_NUMBER_OBJECT_CONVERSION = YES_AGGRESSIVE;
				CLANG_CXX_LANGUAGE_STANDARD = "gnu++14";
				CLANG_CXX_LIBRARY = "libc++";
				CLANG_ENABLE_MODULES = YES;
				CLANG_ENABLE_OBJC_ARC = YES;
				CLANG_ENABLE_OBJC_WEAK = YES;
				CLANG_WARN_BLOCK_CAPTURE_AUTORELEASING = YES;
				CLANG_WARN_BOOL_CONVERSION = YES;
				CLANG_WARN_COMMA = YES;
				CLANG_WARN_CONSTANT_CONVERSION = YES;
				CLANG_WARN_DEPRECATED_OBJC_IMPLEMENTATIONS = YES;
				CLANG_WARN_DIRECT_OBJC_ISA_USAGE = YES_ERROR;
				CLANG_WARN_DOCUMENTATION_COMMENTS = YES;
				CLANG_WARN_EMPTY_BODY = YES;
				CLANG_WARN_ENUM_CONVERSION = YES;
				CLANG_WARN_INFINITE_RECURSION = YES;
				CLANG_WARN_INT_CONVERSION = YES;
				CLANG_WARN_NON_LITERAL_NULL_CONVERSION = YES;
				CLANG_WARN_OBJC_IMPLICIT_RETAIN_SELF = YES;
				CLANG_WARN_OBJC_LITERAL_CONVERSION = YES;
				CLANG_WARN_OBJC_ROOT_CLASS = YES_ERROR;
				CLANG_WARN_QUOTED_INCLUDE_IN_FRAMEWORK_HEADER = YES;
				CLANG_WARN_RANGE_LOOP_ANALYSIS = YES;
				CLANG_WARN_STRICT_PROTOTYPES = YES;
				CLANG_WARN_SUSPICIOUS_MOVE = YES;
				CLANG_WARN_UNGUARDED_AVAILABILITY = YES_AGGRESSIVE;
				CLANG_WARN_UNREACHABLE_CODE = YES;
				CLANG_WARN__DUPLICATE_METHOD_MATCH = YES;
				COPY_PHASE_STRIP = NO;
				DEBUG_INFORMATION_FORMAT = "dwarf-with-dsym";
				ENABLE_NS_ASSERTIONS = NO;
				ENABLE_STRICT_OBJC_MSGSEND = YES;
				GCC_C_LANGUAGE_STANDARD = gnu11;
				GCC_NO_COMMON_BLOCKS = YES;
				GCC_WARN_64_TO_32_BIT_CONVERSION = YES;
				GCC_WARN_ABOUT_RETURN_TYPE = YES_ERROR;
				GCC_WARN_UNDECLARED_SELECTOR = YES;
				GCC_WARN_UNINITIALIZED_AUTOS = YES_AGGRESSIVE;
				GCC_WARN_UNUSED_FUNCTION = YES;
				GCC_WARN_UNUSED_VARIABLE = YES;
				IPHONEOS_DEPLOYMENT_TARGET = 14.4;
				MTL_ENABLE_DEBUG_INFO = NO;
				MTL_FAST_MATH = YES;
				SDKROOT = iphoneos;
				SWIFT_COMPILATION_MODE = wholemodule;
				SWIFT_OPTIMIZATION_LEVEL = "-O";
				VALIDATE_PRODUCT = YES;
			};
			name = Release;
		};
		79EC0CF626088EEE00D3D515 /* Debug */ = {
			isa = XCBuildConfiguration;
			baseConfigurationReference = E2924AE573A54B7E18698898 /* Pods-hewi.debug.xcconfig */;
			buildSettings = {
				ALWAYS_EMBED_SWIFT_STANDARD_LIBRARIES = YES;
				ASSETCATALOG_COMPILER_APPICON_NAME = AppIcon;
				ASSETCATALOG_COMPILER_GLOBAL_ACCENT_COLOR_NAME = AccentColor;
				CODE_SIGN_ENTITLEMENTS = hewi/hewi.entitlements;
				CODE_SIGN_STYLE = Automatic;
				DEVELOPMENT_ASSET_PATHS = "\"hewi/Preview Content\"";
				DEVELOPMENT_TEAM = JAQ7V4JFMH;
				ENABLE_PREVIEWS = YES;
				INFOPLIST_FILE = hewi/Resources/Info.plist;
				LD_RUNPATH_SEARCH_PATHS = (
					"$(inherited)",
					"@executable_path/Frameworks",
				);
				PRODUCT_BUNDLE_IDENTIFIER = com.study.hewi;
				PRODUCT_NAME = "$(TARGET_NAME)";
				SWIFT_VERSION = 5.0;
				TARGETED_DEVICE_FAMILY = "1,2";
			};
			name = Debug;
		};
		79EC0CF726088EEE00D3D515 /* Release */ = {
			isa = XCBuildConfiguration;
			baseConfigurationReference = F2389343C5483F29E8D53FC7 /* Pods-hewi.release.xcconfig */;
			buildSettings = {
				ALWAYS_EMBED_SWIFT_STANDARD_LIBRARIES = YES;
				ASSETCATALOG_COMPILER_APPICON_NAME = AppIcon;
				ASSETCATALOG_COMPILER_GLOBAL_ACCENT_COLOR_NAME = AccentColor;
				CODE_SIGN_ENTITLEMENTS = hewi/hewi.entitlements;
				CODE_SIGN_STYLE = Automatic;
				DEVELOPMENT_ASSET_PATHS = "\"hewi/Preview Content\"";
				DEVELOPMENT_TEAM = JAQ7V4JFMH;
				ENABLE_PREVIEWS = YES;
				INFOPLIST_FILE = hewi/Resources/Info.plist;
				LD_RUNPATH_SEARCH_PATHS = (
					"$(inherited)",
					"@executable_path/Frameworks",
				);
				PRODUCT_BUNDLE_IDENTIFIER = com.study.hewi;
				PRODUCT_NAME = "$(TARGET_NAME)";
				SWIFT_VERSION = 5.0;
				TARGETED_DEVICE_FAMILY = "1,2";
			};
			name = Release;
		};
		79F445992625705E005F85BB /* Debug */ = {
			isa = XCBuildConfiguration;
			baseConfigurationReference = DAFD45B5079C767FB28F6D06 /* Pods-WidgetGroupExtension.debug.xcconfig */;
			buildSettings = {
				ASSETCATALOG_COMPILER_GLOBAL_ACCENT_COLOR_NAME = AccentColor;
				ASSETCATALOG_COMPILER_WIDGET_BACKGROUND_COLOR_NAME = WidgetBackground;
				CODE_SIGN_ENTITLEMENTS = WidgetGroupExtension.entitlements;
				CODE_SIGN_STYLE = Automatic;
				DEVELOPMENT_TEAM = JAQ7V4JFMH;
				INFOPLIST_FILE = WidgetGroup/Resources/Info.plist;
				LD_RUNPATH_SEARCH_PATHS = (
					"$(inherited)",
					"@executable_path/Frameworks",
					"@executable_path/../../Frameworks",
				);
				PRODUCT_BUNDLE_IDENTIFIER = com.study.hewi.WidgetGroup;
				PRODUCT_NAME = "$(TARGET_NAME)";
				SKIP_INSTALL = YES;
				SWIFT_VERSION = 5.0;
				TARGETED_DEVICE_FAMILY = "1,2";
			};
			name = Debug;
		};
		79F4459A2625705E005F85BB /* Release */ = {
			isa = XCBuildConfiguration;
			baseConfigurationReference = 68A745EB78AD774B988454CE /* Pods-WidgetGroupExtension.release.xcconfig */;
			buildSettings = {
				ASSETCATALOG_COMPILER_GLOBAL_ACCENT_COLOR_NAME = AccentColor;
				ASSETCATALOG_COMPILER_WIDGET_BACKGROUND_COLOR_NAME = WidgetBackground;
				CODE_SIGN_ENTITLEMENTS = WidgetGroupExtension.entitlements;
				CODE_SIGN_STYLE = Automatic;
				DEVELOPMENT_TEAM = JAQ7V4JFMH;
				INFOPLIST_FILE = WidgetGroup/Resources/Info.plist;
				LD_RUNPATH_SEARCH_PATHS = (
					"$(inherited)",
					"@executable_path/Frameworks",
					"@executable_path/../../Frameworks",
				);
				PRODUCT_BUNDLE_IDENTIFIER = com.study.hewi.WidgetGroup;
				PRODUCT_NAME = "$(TARGET_NAME)";
				SKIP_INSTALL = YES;
				SWIFT_VERSION = 5.0;
				TARGETED_DEVICE_FAMILY = "1,2";
			};
			name = Release;
		};
/* End XCBuildConfiguration section */

/* Begin XCConfigurationList section */
		79EC0CDC26088EED00D3D515 /* Build configuration list for PBXProject "hewi" */ = {
			isa = XCConfigurationList;
			buildConfigurations = (
				79EC0CF326088EEE00D3D515 /* Debug */,
				79EC0CF426088EEE00D3D515 /* Release */,
			);
			defaultConfigurationIsVisible = 0;
			defaultConfigurationName = Release;
		};
		79EC0CF526088EEE00D3D515 /* Build configuration list for PBXNativeTarget "hewi" */ = {
			isa = XCConfigurationList;
			buildConfigurations = (
				79EC0CF626088EEE00D3D515 /* Debug */,
				79EC0CF726088EEE00D3D515 /* Release */,
			);
			defaultConfigurationIsVisible = 0;
			defaultConfigurationName = Release;
		};
		79F445982625705E005F85BB /* Build configuration list for PBXNativeTarget "WidgetGroupExtension" */ = {
			isa = XCConfigurationList;
			buildConfigurations = (
				79F445992625705E005F85BB /* Debug */,
				79F4459A2625705E005F85BB /* Release */,
			);
			defaultConfigurationIsVisible = 0;
			defaultConfigurationName = Release;
		};
/* End XCConfigurationList section */
	};
	rootObject = 79EC0CD926088EED00D3D515 /* Project object */;
}
