// !$*UTF8*$!
{
	archiveVersion = 1;
	classes = {
	};
	objectVersion = 50;
	objects = {

/* Begin PBXBuildFile section */
		79B11D7F26140E3600CC381B /* ShowFunctionsView.swift in Sources */ = {isa = PBXBuildFile; fileRef = 79B11D7E26140E3600CC381B /* ShowFunctionsView.swift */; };
		79EC0CE526088EED00D3D515 /* AppDelegate.swift in Sources */ = {isa = PBXBuildFile; fileRef = 79EC0CE426088EED00D3D515 /* AppDelegate.swift */; };
		79EC0CE726088EED00D3D515 /* SceneDelegate.swift in Sources */ = {isa = PBXBuildFile; fileRef = 79EC0CE626088EED00D3D515 /* SceneDelegate.swift */; };
		79EC0CE926088EED00D3D515 /* ContentView.swift in Sources */ = {isa = PBXBuildFile; fileRef = 79EC0CE826088EED00D3D515 /* ContentView.swift */; };
		79EC0CEB26088EEE00D3D515 /* Assets.xcassets in Resources */ = {isa = PBXBuildFile; fileRef = 79EC0CEA26088EEE00D3D515 /* Assets.xcassets */; };
		79EC0CEE26088EEE00D3D515 /* Preview Assets.xcassets in Resources */ = {isa = PBXBuildFile; fileRef = 79EC0CED26088EEE00D3D515 /* Preview Assets.xcassets */; };
		79EC0CF126088EEE00D3D515 /* LaunchScreen.storyboard in Resources */ = {isa = PBXBuildFile; fileRef = 79EC0CEF26088EEE00D3D515 /* LaunchScreen.storyboard */; };
/* End PBXBuildFile section */

/* Begin PBXFileReference section */
		79B11D7E26140E3600CC381B /* ShowFunctionsView.swift */ = {isa = PBXFileReference; lastKnownFileType = sourcecode.swift; path = ShowFunctionsView.swift; sourceTree = "<group>"; };
		79EC0CE126088EED00D3D515 /* hewi.app */ = {isa = PBXFileReference; explicitFileType = wrapper.application; includeInIndex = 0; path = hewi.app; sourceTree = BUILT_PRODUCTS_DIR; };
		79EC0CE426088EED00D3D515 /* AppDelegate.swift */ = {isa = PBXFileReference; lastKnownFileType = sourcecode.swift; path = AppDelegate.swift; sourceTree = "<group>"; };
		79EC0CE626088EED00D3D515 /* SceneDelegate.swift */ = {isa = PBXFileReference; lastKnownFileType = sourcecode.swift; path = SceneDelegate.swift; sourceTree = "<group>"; };
		79EC0CE826088EED00D3D515 /* ContentView.swift */ = {isa = PBXFileReference; lastKnownFileType = sourcecode.swift; path = ContentView.swift; sourceTree = "<group>"; };
		79EC0CEA26088EEE00D3D515 /* Assets.xcassets */ = {isa = PBXFileReference; lastKnownFileType = folder.assetcatalog; path = Assets.xcassets; sourceTree = "<group>"; };
		79EC0CED26088EEE00D3D515 /* Preview Assets.xcassets */ = {isa = PBXFileReference; lastKnownFileType = folder.assetcatalog; path = "Preview Assets.xcassets"; sourceTree = "<group>"; };
		79EC0CF026088EEE00D3D515 /* Base */ = {isa = PBXFileReference; lastKnownFileType = file.storyboard; name = Base; path = Base.lproj/LaunchScreen.storyboard; sourceTree = "<group>"; };
		79EC0CF226088EEE00D3D515 /* Info.plist */ = {isa = PBXFileReference; lastKnownFileType = text.plist.xml; path = Info.plist; sourceTree = "<group>"; };
/* End PBXFileReference section */

/* Begin PBXFrameworksBuildPhase section */
		79EC0CDE26088EED00D3D515 /* Frameworks */ = {
			isa = PBXFrameworksBuildPhase;
			buildActionMask = 2147483647;
			files = (
			);
			runOnlyForDeploymentPostprocessing = 0;
		};
/* End PBXFrameworksBuildPhase section */

/* Begin PBXGroup section */
		7954CE962612F26C00AF0795 /* Resources */ = {
			isa = PBXGroup;
			children = (
				79EC0CF226088EEE00D3D515 /* Info.plist */,
				79EC0CEA26088EEE00D3D515 /* Assets.xcassets */,
			);
			path = Resources;
			sourceTree = "<group>";
		};
		79B11D81261423A400CC381B /* Views */ = {
			isa = PBXGroup;
			children = (
				79EC0CE826088EED00D3D515 /* ContentView.swift */,
				79B11D7E26140E3600CC381B /* ShowFunctionsView.swift */,
			);
			path = Views;
			sourceTree = "<group>";
		};
		79EC0CD826088EED00D3D515 = {
			isa = PBXGroup;
			children = (
				79EC0CE326088EED00D3D515 /* hewi */,
				79EC0CE226088EED00D3D515 /* Products */,
			);
			sourceTree = "<group>";
		};
		79EC0CE226088EED00D3D515 /* Products */ = {
			isa = PBXGroup;
			children = (
				79EC0CE126088EED00D3D515 /* hewi.app */,
			);
			name = Products;
			sourceTree = "<group>";
		};
		79EC0CE326088EED00D3D515 /* hewi */ = {
			isa = PBXGroup;
			children = (
				79B11D81261423A400CC381B /* Views */,
				7954CE962612F26C00AF0795 /* Resources */,
				79EC0CE426088EED00D3D515 /* AppDelegate.swift */,
				79EC0CE626088EED00D3D515 /* SceneDelegate.swift */,
				79EC0CEF26088EEE00D3D515 /* LaunchScreen.storyboard */,
				79EC0CEC26088EEE00D3D515 /* Preview Content */,
			);
			path = hewi;
			sourceTree = "<group>";
		};
		79EC0CEC26088EEE00D3D515 /* Preview Content */ = {
			isa = PBXGroup;
			children = (
				79EC0CED26088EEE00D3D515 /* Preview Assets.xcassets */,
			);
			path = "Preview Content";
			sourceTree = "<group>";
		};
/* End PBXGroup section */

/* Begin PBXNativeTarget section */
		79EC0CE026088EED00D3D515 /* hewi */ = {
			isa = PBXNativeTarget;
			buildConfigurationList = 79EC0CF526088EEE00D3D515 /* Build configuration list for PBXNativeTarget "hewi" */;
			buildPhases = (
				79EC0CDD26088EED00D3D515 /* Sources */,
				79EC0CDE26088EED00D3D515 /* Frameworks */,
				79EC0CDF26088EED00D3D515 /* Resources */,
			);
			buildRules = (
			);
			dependencies = (
			);
			name = hewi;
			productName = hewi;
			productReference = 79EC0CE126088EED00D3D515 /* hewi.app */;
			productType = "com.apple.product-type.application";
		};
/* End PBXNativeTarget section */

/* Begin PBXProject section */
		79EC0CD926088EED00D3D515 /* Project object */ = {
			isa = PBXProject;
			attributes = {
				LastSwiftUpdateCheck = 1240;
				LastUpgradeCheck = 1240;
				TargetAttributes = {
					79EC0CE026088EED00D3D515 = {
						CreatedOnToolsVersion = 12.4;
					};
				};
			};
			buildConfigurationList = 79EC0CDC26088EED00D3D515 /* Build configuration list for PBXProject "hewi" */;
			compatibilityVersion = "Xcode 9.3";
			developmentRegion = en;
			hasScannedForEncodings = 0;
			knownRegions = (
				en,
				Base,
			);
			mainGroup = 79EC0CD826088EED00D3D515;
			productRefGroup = 79EC0CE226088EED00D3D515 /* Products */;
			projectDirPath = "";
			projectRoot = "";
			targets = (
				79EC0CE026088EED00D3D515 /* hewi */,
			);
		};
/* End PBXProject section */

/* Begin PBXResourcesBuildPhase section */
		79EC0CDF26088EED00D3D515 /* Resources */ = {
			isa = PBXResourcesBuildPhase;
			buildActionMask = 2147483647;
			files = (
				79EC0CF126088EEE00D3D515 /* LaunchScreen.storyboard in Resources */,
				79EC0CEE26088EEE00D3D515 /* Preview Assets.xcassets in Resources */,
				79EC0CEB26088EEE00D3D515 /* Assets.xcassets in Resources */,
			);
			runOnlyForDeploymentPostprocessing = 0;
		};
/* End PBXResourcesBuildPhase section */

/* Begin PBXSourcesBuildPhase section */
		79EC0CDD26088EED00D3D515 /* Sources */ = {
			isa = PBXSourcesBuildPhase;
			buildActionMask = 2147483647;
			files = (
				79EC0CE526088EED00D3D515 /* AppDelegate.swift in Sources */,
				79EC0CE726088EED00D3D515 /* SceneDelegate.swift in Sources */,
				79EC0CE926088EED00D3D515 /* ContentView.swift in Sources */,
				79B11D7F26140E3600CC381B /* ShowFunctionsView.swift in Sources */,
			);
			runOnlyForDeploymentPostprocessing = 0;
		};
/* End PBXSourcesBuildPhase section */

/* Begin PBXVariantGroup section */
		79EC0CEF26088EEE00D3D515 /* LaunchScreen.storyboard */ = {
			isa = PBXVariantGroup;
			children = (
				79EC0CF026088EEE00D3D515 /* Base */,
			);
			name = LaunchScreen.storyboard;
			sourceTree = "<group>";
		};
/* End PBXVariantGroup section */

/* Begin XCBuildConfiguration section */
		79EC0CF326088EEE00D3D515 /* Debug */ = {
			isa = XCBuildConfiguration;
			buildSettings = {
				ALWAYS_SEARCH_USER_PATHS = NO;
				CLANG_ANALYZER_NONNULL = YES;
				CLANG_ANALYZER_NUMBER_OBJECT_CONVERSION = YES_AGGRESSIVE;
				CLANG_CXX_LANGUAGE_STANDARD = "gnu++14";
				CLANG_CXX_LIBRARY = "libc++";
				CLANG_ENABLE_MODULES = YES;
				CLANG_ENABLE_OBJC_ARC = YES;
				CLANG_ENABLE_OBJC_WEAK = YES;
				CLANG_WARN_BLOCK_CAPTURE_AUTORELEASING = YES;
				CLANG_WARN_BOOL_CONVERSION = YES;
				CLANG_WARN_COMMA = YES;
				CLANG_WARN_CONSTANT_CONVERSION = YES;
				CLANG_WARN_DEPRECATED_OBJC_IMPLEMENTATIONS = YES;
				CLANG_WARN_DIRECT_OBJC_ISA_USAGE = YES_ERROR;
				CLANG_WARN_DOCUMENTATION_COMMENTS = YES;
				CLANG_WARN_EMPTY_BODY = YES;
				CLANG_WARN_ENUM_CONVERSION = YES;
				CLANG_WARN_INFINITE_RECURSION = YES;
				CLANG_WARN_INT_CONVERSION = YES;
				CLANG_WARN_NON_LITERAL_NULL_CONVERSION = YES;
				CLANG_WARN_OBJC_IMPLICIT_RETAIN_SELF = YES;
				CLANG_WARN_OBJC_LITERAL_CONVERSION = YES;
				CLANG_WARN_OBJC_ROOT_CLASS = YES_ERROR;
				CLANG_WARN_QUOTED_INCLUDE_IN_FRAMEWORK_HEADER = YES;
				CLANG_WARN_RANGE_LOOP_ANALYSIS = YES;
				CLANG_WARN_STRICT_PROTOTYPES = YES;
				CLANG_WARN_SUSPICIOUS_MOVE = YES;
				CLANG_WARN_UNGUARDED_AVAILABILITY = YES_AGGRESSIVE;
				CLANG_WARN_UNREACHABLE_CODE = YES;
				CLANG_WARN__DUPLICATE_METHOD_MATCH = YES;
				COPY_PHASE_STRIP = NO;
				DEBUG_INFORMATION_FORMAT = dwarf;
				ENABLE_STRICT_OBJC_MSGSEND = YES;
				ENABLE_TESTABILITY = YES;
				GCC_C_LANGUAGE_STANDARD = gnu11;
				GCC_DYNAMIC_NO_PIC = NO;
				GCC_NO_COMMON_BLOCKS = YES;
				GCC_OPTIMIZATION_LEVEL = 0;
				GCC_PREPROCESSOR_DEFINITIONS = (
					"DEBUG=1",
					"$(inherited)",
				);
				GCC_WARN_64_TO_32_BIT_CONVERSION = YES;
				GCC_WARN_ABOUT_RETURN_TYPE = YES_ERROR;
				GCC_WARN_UNDECLARED_SELECTOR = YES;
				GCC_WARN_UNINITIALIZED_AUTOS = YES_AGGRESSIVE;
				GCC_WARN_UNUSED_FUNCTION = YES;
				GCC_WARN_UNUSED_VARIABLE = YES;
				IPHONEOS_DEPLOYMENT_TARGET = 14.4;
				MTL_ENABLE_DEBUG_INFO = INCLUDE_SOURCE;
				MTL_FAST_MATH = YES;
				ONLY_ACTIVE_ARCH = YES;
				SDKROOT = iphoneos;
				SWIFT_ACTIVE_COMPILATION_CONDITIONS = DEBUG;
				SWIFT_OPTIMIZATION_LEVEL = "-Onone";
			};
			name = Debug;
		};
		79EC0CF426088EEE00D3D515 /* Release */ = {
			isa = XCBuildConfiguration;
			buildSettings = {
				ALWAYS_SEARCH_USER_PATHS = NO;
				CLANG_ANALYZER_NONNULL = YES;
				CLANG_ANALYZER_NUMBER_OBJECT_CONVERSION = YES_AGGRESSIVE;
				CLANG_CXX_LANGUAGE_STANDARD = "gnu++14";
				CLANG_CXX_LIBRARY = "libc++";
				CLANG_ENABLE_MODULES = YES;
				CLANG_ENABLE_OBJC_ARC = YES;
				CLANG_ENABLE_OBJC_WEAK = YES;
				CLANG_WARN_BLOCK_CAPTURE_AUTORELEASING = YES;
				CLANG_WARN_BOOL_CONVERSION = YES;
				CLANG_WARN_COMMA = YES;
				CLANG_WARN_CONSTANT_CONVERSION = YES;
				CLANG_WARN_DEPRECATED_OBJC_IMPLEMENTATIONS = YES;
				CLANG_WARN_DIRECT_OBJC_ISA_USAGE = YES_ERROR;
				CLANG_WARN_DOCUMENTATION_COMMENTS = YES;
				CLANG_WARN_EMPTY_BODY = YES;
				CLANG_WARN_ENUM_CONVERSION = YES;
				CLANG_WARN_INFINITE_RECURSION = YES;
				CLANG_WARN_INT_CONVERSION = YES;
				CLANG_WARN_NON_LITERAL_NULL_CONVERSION = YES;
				CLANG_WARN_OBJC_IMPLICIT_RETAIN_SELF = YES;
				CLANG_WARN_OBJC_LITERAL_CONVERSION = YES;
				CLANG_WARN_OBJC_ROOT_CLASS = YES_ERROR;
				CLANG_WARN_QUOTED_INCLUDE_IN_FRAMEWORK_HEADER = YES;
				CLANG_WARN_RANGE_LOOP_ANALYSIS = YES;
				CLANG_WARN_STRICT_PROTOTYPES = YES;
				CLANG_WARN_SUSPICIOUS_MOVE = YES;
				CLANG_WARN_UNGUARDED_AVAILABILITY = YES_AGGRESSIVE;
				CLANG_WARN_UNREACHABLE_CODE = YES;
				CLANG_WARN__DUPLICATE_METHOD_MATCH = YES;
				COPY_PHASE_STRIP = NO;
				DEBUG_INFORMATION_FORMAT = "dwarf-with-dsym";
				ENABLE_NS_ASSERTIONS = NO;
				ENABLE_STRICT_OBJC_MSGSEND = YES;
				GCC_C_LANGUAGE_STANDARD = gnu11;
				GCC_NO_COMMON_BLOCKS = YES;
				GCC_WARN_64_TO_32_BIT_CONVERSION = YES;
				GCC_WARN_ABOUT_RETURN_TYPE = YES_ERROR;
				GCC_WARN_UNDECLARED_SELECTOR = YES;
				GCC_WARN_UNINITIALIZED_AUTOS = YES_AGGRESSIVE;
				GCC_WARN_UNUSED_FUNCTION = YES;
				GCC_WARN_UNUSED_VARIABLE = YES;
				IPHONEOS_DEPLOYMENT_TARGET = 14.4;
				MTL_ENABLE_DEBUG_INFO = NO;
				MTL_FAST_MATH = YES;
				SDKROOT = iphoneos;
				SWIFT_COMPILATION_MODE = wholemodule;
				SWIFT_OPTIMIZATION_LEVEL = "-O";
				VALIDATE_PRODUCT = YES;
			};
			name = Release;
		};
		79EC0CF626088EEE00D3D515 /* Debug */ = {
			isa = XCBuildConfiguration;
			buildSettings = {
				ASSETCATALOG_COMPILER_APPICON_NAME = AppIcon;
				ASSETCATALOG_COMPILER_GLOBAL_ACCENT_COLOR_NAME = AccentColor;
				CODE_SIGN_STYLE = Automatic;
				DEVELOPMENT_ASSET_PATHS = "\"hewi/Preview Content\"";
				ENABLE_PREVIEWS = YES;
				INFOPLIST_FILE = hewi/Resources/Info.plist;
				LD_RUNPATH_SEARCH_PATHS = (
					"$(inherited)",
					"@executable_path/Frameworks",
				);
				PRODUCT_BUNDLE_IDENTIFIER = com.study.hewi;
				PRODUCT_NAME = "$(TARGET_NAME)";
				SWIFT_VERSION = 5.0;
				TARGETED_DEVICE_FAMILY = "1,2";
			};
			name = Debug;
		};
		79EC0CF726088EEE00D3D515 /* Release */ = {
			isa = XCBuildConfiguration;
			buildSettings = {
				ASSETCATALOG_COMPILER_APPICON_NAME = AppIcon;
				ASSETCATALOG_COMPILER_GLOBAL_ACCENT_COLOR_NAME = AccentColor;
				CODE_SIGN_STYLE = Automatic;
				DEVELOPMENT_ASSET_PATHS = "\"hewi/Preview Content\"";
				ENABLE_PREVIEWS = YES;
				INFOPLIST_FILE = hewi/Resources/Info.plist;
				LD_RUNPATH_SEARCH_PATHS = (
					"$(inherited)",
					"@executable_path/Frameworks",
				);
				PRODUCT_BUNDLE_IDENTIFIER = com.study.hewi;
				PRODUCT_NAME = "$(TARGET_NAME)";
				SWIFT_VERSION = 5.0;
				TARGETED_DEVICE_FAMILY = "1,2";
			};
			name = Release;
		};
/* End XCBuildConfiguration section */

/* Begin XCConfigurationList section */
		79EC0CDC26088EED00D3D515 /* Build configuration list for PBXProject "hewi" */ = {
			isa = XCConfigurationList;
			buildConfigurations = (
				79EC0CF326088EEE00D3D515 /* Debug */,
				79EC0CF426088EEE00D3D515 /* Release */,
			);
			defaultConfigurationIsVisible = 0;
			defaultConfigurationName = Release;
		};
		79EC0CF526088EEE00D3D515 /* Build configuration list for PBXNativeTarget "hewi" */ = {
			isa = XCConfigurationList;
			buildConfigurations = (
				79EC0CF626088EEE00D3D515 /* Debug */,
				79EC0CF726088EEE00D3D515 /* Release */,
			);
			defaultConfigurationIsVisible = 0;
			defaultConfigurationName = Release;
		};
/* End XCConfigurationList section */
	};
	rootObject = 79EC0CD926088EED00D3D515 /* Project object */;
}
